
Microsoft Visual Studio Solution File, Format Version 12.00
# Visual Studio Version 17
VisualStudioVersion = 17.11.35005.142
MinimumVisualStudioVersion = 10.0.40219.1
Project("{FAE04EC0-301F-11D3-BF4B-00C04F79EFBC}") = "registroTardanza", "registroTardanza.csproj", "{8F231F0E-0E80-44C3-868C-35CDCB4913C9}"
EndProject
Global
	GlobalSection(SolutionConfigurationPlatforms) = preSolution
		Debug|Any CPU = Debug|Any CPU
		Release|Any CPU = Release|Any CPU
	EndGlobalSection
	GlobalSection(ProjectConfigurationPlatforms) = postSolution
		{8F231F0E-0E80-44C3-868C-35CDCB4913C9}.Debug|Any CPU.ActiveCfg = Debug|Any CPU
		{8F231F0E-0E80-44C3-868C-35CDCB4913C9}.Debug|Any CPU.Build.0 = Debug|Any CPU
		{8F231F0E-0E80-44C3-868C-35CDCB4913C9}.Release|Any CPU.ActiveCfg = Release|Any CPU
		{8F231F0E-0E80-44C3-868C-35CDCB4913C9}.Release|Any CPU.Build.0 = Release|Any CPU
	EndGlobalSection
	GlobalSection(SolutionProperties) = preSolution
		HideSolutionNode = FALSE
	EndGlobalSection
	GlobalSection(ExtensibilityGlobals) = postSolution
		SolutionGuid = {F35AA11E-59BE-45C0-A810-D31F80CFCF21}
	EndGlobalSection
EndGlobal
